
Microsoft Visual Studio Solution File, Format Version 12.00
# Visual Studio Version 16
VisualStudioVersion = 16.0.32126.315
MinimumVisualStudioVersion = 10.0.40219.1
Project("{FAE04EC0-301F-11D3-BF4B-00C04F79EFBC}") = "trackerLibrary", "trackerLibrary\trackerLibrary.csproj", "{3DCB6D5D-B376-4C84-A1F3-5B5C8065C494}"
EndProject
Project("{FAE04EC0-301F-11D3-BF4B-00C04F79EFBC}") = "TrackerUI", "TrackerUI\TrackerUI.csproj", "{D580BFFE-8C00-46BE-A441-30B4AB5CC59C}"
EndProject
Global
	GlobalSection(SolutionConfigurationPlatforms) = preSolution
		Debug|Any CPU = Debug|Any CPU
		Release|Any CPU = Release|Any CPU
	EndGlobalSection
	GlobalSection(ProjectConfigurationPlatforms) = postSolution
		{3DCB6D5D-B376-4C84-A1F3-5B5C8065C494}.Debug|Any CPU.ActiveCfg = Debug|Any CPU
		{3DCB6D5D-B376-4C84-A1F3-5B5C8065C494}.Debug|Any CPU.Build.0 = Debug|Any CPU
		{3DCB6D5D-B376-4C84-A1F3-5B5C8065C494}.Release|Any CPU.ActiveCfg = Release|Any CPU
		{3DCB6D5D-B376-4C84-A1F3-5B5C8065C494}.Release|Any CPU.Build.0 = Release|Any CPU
		{D580BFFE-8C00-46BE-A441-30B4AB5CC59C}.Debug|Any CPU.ActiveCfg = Debug|Any CPU
		{D580BFFE-8C00-46BE-A441-30B4AB5CC59C}.Debug|Any CPU.Build.0 = Debug|Any CPU
		{D580BFFE-8C00-46BE-A441-30B4AB5CC59C}.Release|Any CPU.ActiveCfg = Release|Any CPU
		{D580BFFE-8C00-46BE-A441-30B4AB5CC59C}.Release|Any CPU.Build.0 = Release|Any CPU
	EndGlobalSection
	GlobalSection(SolutionProperties) = preSolution
		HideSolutionNode = FALSE
	EndGlobalSection
	GlobalSection(ExtensibilityGlobals) = postSolution
		SolutionGuid = {8FFE3052-AD9A-4451-8A3C-A0B785076BAB}
	EndGlobalSection
EndGlobal
